
Microsoft Visual Studio Solution File, Format Version 12.00
# Visual Studio Version 16
VisualStudioVersion = 16.0.30114.105
MinimumVisualStudioVersion = 10.0.40219.1
Project("{2150E333-8FDC-42A3-9474-1A3956D46DE8}") = "src", "src", "{71D9433A-3F81-4D7E-BDCA-8206429E0A11}"
EndProject
Project("{FAE04EC0-301F-11D3-BF4B-00C04F79EFBC}") = "Core", "src\Core\Core.csproj", "{65CF1B0B-1EDF-4A3C-8219-F4487EECA9BF}"
EndProject
Project("{2150E333-8FDC-42A3-9474-1A3956D46DE8}") = "tests", "tests", "{4B268749-8030-40AB-A1C9-8AF76A3FDC41}"
EndProject
Project("{FAE04EC0-301F-11D3-BF4B-00C04F79EFBC}") = "UnitTests", "tests\UnitTests\UnitTests.csproj", "{062465E8-1447-42C9-B073-C0BFFB699875}"
EndProject
Global
	GlobalSection(SolutionConfigurationPlatforms) = preSolution
		Debug|Any CPU = Debug|Any CPU
		Release|Any CPU = Release|Any CPU
	EndGlobalSection
	GlobalSection(SolutionProperties) = preSolution
		HideSolutionNode = FALSE
	EndGlobalSection
	GlobalSection(ProjectConfigurationPlatforms) = postSolution
		{65CF1B0B-1EDF-4A3C-8219-F4487EECA9BF}.Debug|Any CPU.ActiveCfg = Debug|Any CPU
		{65CF1B0B-1EDF-4A3C-8219-F4487EECA9BF}.Debug|Any CPU.Build.0 = Debug|Any CPU
		{65CF1B0B-1EDF-4A3C-8219-F4487EECA9BF}.Release|Any CPU.ActiveCfg = Release|Any CPU
		{65CF1B0B-1EDF-4A3C-8219-F4487EECA9BF}.Release|Any CPU.Build.0 = Release|Any CPU
		{062465E8-1447-42C9-B073-C0BFFB699875}.Debug|Any CPU.ActiveCfg = Debug|Any CPU
		{062465E8-1447-42C9-B073-C0BFFB699875}.Debug|Any CPU.Build.0 = Debug|Any CPU
		{062465E8-1447-42C9-B073-C0BFFB699875}.Release|Any CPU.ActiveCfg = Release|Any CPU
		{062465E8-1447-42C9-B073-C0BFFB699875}.Release|Any CPU.Build.0 = Release|Any CPU
	EndGlobalSection
	GlobalSection(NestedProjects) = preSolution
		{65CF1B0B-1EDF-4A3C-8219-F4487EECA9BF} = {71D9433A-3F81-4D7E-BDCA-8206429E0A11}
		{062465E8-1447-42C9-B073-C0BFFB699875} = {4B268749-8030-40AB-A1C9-8AF76A3FDC41}
	EndGlobalSection
EndGlobal
